{
  "version": 4,
  "terraform_version": "1.6.6",
  "serial": 3,
  "lineage": "bf5844c9-8668-fe0e-30c4-9dae500c100e",
  "outputs": {
    "default": {
      "value": "34.29.130.40",
      "type": "string"
    }
  },
  "resources": [
    {
      "mode": "managed",
      "type": "google_container_cluster",
      "name": "mi_cluster",
      "provider": "provider[\"registry.terraform.io/hashicorp/google\"]",
      "instances": [
        {
          "schema_version": 2,
          "attributes": {
            "addons_config": [
              {
                "cloudrun_config": [],
                "config_connector_config": [],
                "dns_cache_config": [],
                "gce_persistent_disk_csi_driver_config": [
                  {
                    "enabled": true
                  }
                ],
                "gcp_filestore_csi_driver_config": [],
                "gcs_fuse_csi_driver_config": [],
                "gke_backup_agent_config": [],
                "horizontal_pod_autoscaling": [],
                "http_load_balancing": [],
                "network_policy_config": [
                  {
                    "disabled": true
                  }
                ]
              }
            ],
            "allow_net_admin": null,
            "authenticator_groups_config": [],
            "binary_authorization": [
              {
                "enabled": false,
                "evaluation_mode": ""
              }
            ],
            "cluster_autoscaling": [
              {
                "auto_provisioning_defaults": [],
                "autoscaling_profile": "BALANCED",
                "enabled": false,
                "resource_limits": []
              }
            ],
            "cluster_ipv4_cidr": "10.12.0.0/14",
            "confidential_nodes": [],
            "cost_management_config": [],
            "database_encryption": [
              {
                "key_name": "",
                "state": "DECRYPTED"
              }
            ],
            "datapath_provider": "",
            "default_max_pods_per_node": 110,
            "default_snat_status": [
              {
                "disabled": false
              }
            ],
            "deletion_protection": false,
            "description": "",
            "dns_config": [],
            "enable_autopilot": false,
            "enable_intranode_visibility": false,
            "enable_k8s_beta_apis": [],
            "enable_kubernetes_alpha": false,
            "enable_l4_ilb_subsetting": false,
            "enable_legacy_abac": false,
            "enable_shielded_nodes": true,
            "enable_tpu": false,
            "endpoint": "34.29.130.40",
            "fleet": [],
            "gateway_api_config": [],
            "id": "projects/proyectofinal-410115/locations/us-central1-f/clusters/cluster-proyecto-final",
            "identity_service_config": [],
            "initial_node_count": 0,
            "ip_allocation_policy": [
              {
                "additional_pod_ranges_config": [],
                "cluster_ipv4_cidr_block": "10.12.0.0/14",
                "cluster_secondary_range_name": "gke-cluster-proyecto-final-pods-de40aa72",
                "pod_cidr_overprovision_config": [
                  {
                    "disabled": false
                  }
                ],
                "services_ipv4_cidr_block": "10.16.0.0/20",
                "services_secondary_range_name": "gke-cluster-proyecto-final-services-de40aa72",
                "stack_type": "IPV4"
              }
            ],
            "label_fingerprint": "a9dc16a7",
            "location": "us-central1-f",
            "logging_config": [
              {
                "enable_components": [
                  "SYSTEM_COMPONENTS",
                  "WORKLOADS"
                ]
              }
            ],
            "logging_service": "logging.googleapis.com/kubernetes",
            "maintenance_policy": [],
            "master_auth": [
              {
                "client_certificate": "",
                "client_certificate_config": [
                  {
                    "issue_client_certificate": false
                  }
                ],
                "client_key": "",
                "cluster_ca_certificate": "LS0tLS1CRUdJTiBDRVJUSUZJQ0FURS0tLS0tCk1JSUVMRENDQXBTZ0F3SUJBZ0lRZllML0JvOTFmTm9zYjhqcDZUQ3ZKREFOQmdrcWhraUc5dzBCQVFzRkFEQXYKTVMwd0t3WURWUVFERXlRNE5HWXlPVGM1TWkwNU4ySmxMVFJtTlRZdE9EVXhZeTFqTlRneU5USXpNekJsWkdNdwpJQmNOTWpRd01UQXpNVFl5TWpBeldoZ1BNakExTXpFeU1qWXhOekl5TUROYU1DOHhMVEFyQmdOVkJBTVRKRGcwClpqSTVOemt5TFRrM1ltVXROR1kxTmkwNE5URmpMV00xT0RJMU1qTXpNR1ZrWXpDQ0FhSXdEUVlKS29aSWh2Y04KQVFFQkJRQURnZ0dQQURDQ0FZb0NnZ0dCQVBGQ28yLzU2bks2eFlHei9pSkFFRHpMeDhLeHpqMHREOWg1ZmFnNApwMUE5WUJuOHc2ZDI5T2RFS2ZiTWFTYzJFK1ZBdjFBMkhsYU9RRmZYUkF1eitta3I5UzYwWHgrNlhMbi9uZW5nCmg5ZXhQRnd5d2lpT2RRVENRQkxZeGZhL2lud2dVdjZGOFB5Y09zcGZONEJ5b0piT0U3elorUUgvSS92eVdvZW8KOW8yNHBDanlZK05INldnVlhEMXlFd3UxZk1FTklaSVF2bG5FTWozeFVMNzRQaHM5cDZSZ2lTV3NEZVdSWFVnYwoydHJNRHFhUkRWNTFVejI5dXpISDIraTBLOG1pMzA0aFBXWHc3a0RmU29vRlptc3hhQkV0M2QzcXR0S0IzUDFBCjFhclQwa3h0NHprSE5iNGRQRjhoYU1GbXJhWVBjN2dZaGJXNjZJQlNRNmFlaXBZZzI0TUprK1BqMTVjYnd5YWcKZWcwVGtnMWNQdTIvQnBEbnRCanpRM0xWT3RUZWVhSDVHb1V3cjkyOUJaSmxBQTlJRllsTjZzbVFoUDBNR0d0bgpFaGRydzJTSGg4NTJseUVBT2ZQVzJ0dmVuaHRTa2hzeXhGcG5Id0RzbmxNTm1KLzZyNytja2JCNEk4eVpuWkRFCjdZbGNRZTdUdjlzbURpWHJYNzlVYXN4SnR3SURBUUFCbzBJd1FEQU9CZ05WSFE4QkFmOEVCQU1DQWdRd0R3WUQKVlIwVEFRSC9CQVV3QXdFQi96QWRCZ05WSFE0RUZnUVU5L2tuSXV0QkI1d0tvMHZNTFNpVk1Xb2NoeHd3RFFZSgpLb1pJaHZjTkFRRUxCUUFEZ2dHQkFKUk9nL3ZWNmFzdm15aTRYeFNyQnZBTkJtMFVYOUNqcnBmNEtKNFFBZDhhClhSQ1BPa3FyZUdINEZmUjRXM2h4aElVeHNPZnVVMUxzZlB5cUFVSkRSYUJHdnZEVU93WWlvNVZPY1k4Mm1vbU8KcWxacXNYM3UrTlppeldOMCtLVVhVL1dQMkk5bUdDRG5hczRDdVNTWnBwbkFwY2EydTZXWU16VXJxNzE3SWxGVQpkeE9IZUg0UCswQ3B5NmxwdG1RYWRRblZCY05PMFdWR1hlZERJeVJ6YnFMNWRxWG9wcEVDdFd1WUZmQWUwL1k2Cm5sTzVnUFZwTlM4aVM3Qk5mVVAyaG1pNmduVCtKUEdKUHJIVlc3cXUrS2xHYjBiaUxVeDVrcXhRajNpS2lDZ2MKdzFzdVFXMzRKd3huOENNWGxvejdwTCtsN2kxUERjbUxhYmdkT3FwY09nY2o2cHZmZnp0a1Z4WEUzYitzN1NsegpRVWROM0RQOXJwdVA3eVZvcHZaMytnTHFlSlgzN1o5T2dVQkM5YUhOMUZjY1plUVVqbFdZeDQ1c1Q4TFhxQ0kyCmpUNGs2bXgvc1pqN1dMZ3hybXVteEhGWlNFcVpjdHNsaDM1czAyMzdqRm14WnJXOGt0aUNoRm4zbjBicDhmaGYKRGVQMUJPZXFKUU5Ya3ZIb2N5SnFBUT09Ci0tLS0tRU5EIENFUlRJRklDQVRFLS0tLS0K"
              }
            ],
            "master_authorized_networks_config": [],
            "master_version": "1.27.3-gke.100",
            "mesh_certificates": [],
            "min_master_version": null,
            "monitoring_config": [
              {
                "advanced_datapath_observability_config": [
                  {
                    "enable_metrics": false,
                    "relay_mode": ""
                  }
                ],
                "enable_components": [
                  "SYSTEM_COMPONENTS"
                ],
                "managed_prometheus": [
                  {
                    "enabled": true
                  }
                ]
              }
            ],
            "monitoring_service": "monitoring.googleapis.com/kubernetes",
            "name": "cluster-proyecto-final",
            "network": "projects/proyectofinal-410115/global/networks/default",
            "network_policy": [
              {
                "enabled": false,
                "provider": "PROVIDER_UNSPECIFIED"
              }
            ],
            "networking_mode": "VPC_NATIVE",
            "node_config": [],
            "node_locations": [],
            "node_pool": [],
            "node_pool_auto_config": [],
            "node_pool_defaults": [
              {
                "node_config_defaults": [
                  {
                    "logging_variant": "DEFAULT"
                  }
                ]
              }
            ],
            "node_version": "1.27.3-gke.100",
            "notification_config": [
              {
                "pubsub": [
                  {
                    "enabled": false,
                    "filter": [],
                    "topic": ""
                  }
                ]
              }
            ],
            "operation": null,
            "private_cluster_config": [
              {
                "enable_private_endpoint": false,
                "enable_private_nodes": false,
                "master_global_access_config": [
                  {
                    "enabled": false
                  }
                ],
                "master_ipv4_cidr_block": "",
                "peering_name": "",
                "private_endpoint": "10.128.0.2",
                "private_endpoint_subnetwork": "",
                "public_endpoint": "34.29.130.40"
              }
            ],
            "private_ipv6_google_access": "",
            "project": "proyectofinal-410115",
            "release_channel": [
              {
                "channel": "REGULAR"
              }
            ],
            "remove_default_node_pool": true,
            "resource_labels": null,
            "resource_usage_export_config": [],
            "security_posture_config": [
              {
                "mode": "BASIC",
                "vulnerability_mode": "VULNERABILITY_MODE_UNSPECIFIED"
              }
            ],
            "self_link": "https://container.googleapis.com/v1/projects/proyectofinal-410115/zones/us-central1-f/clusters/cluster-proyecto-final",
            "service_external_ips_config": [
              {
                "enabled": false
              }
            ],
            "services_ipv4_cidr": "10.16.0.0/20",
            "subnetwork": "projects/proyectofinal-410115/regions/us-central1/subnetworks/default",
            "timeouts": null,
            "tpu_ipv4_cidr_block": "",
            "vertical_pod_autoscaling": [],
            "workload_identity_config": []
          },
          "sensitive_attributes": [],
          "private": "eyJlMmJmYjczMC1lY2FhLTExZTYtOGY4OC0zNDM2M2JjN2M0YzAiOnsiY3JlYXRlIjoyNDAwMDAwMDAwMDAwLCJkZWxldGUiOjI0MDAwMDAwMDAwMDAsInJlYWQiOjI0MDAwMDAwMDAwMDAsInVwZGF0ZSI6MzYwMDAwMDAwMDAwMH0sInNjaGVtYV92ZXJzaW9uIjoiMiJ9"
        }
      ]
    }
  ],
  "check_results": null
}
